
Microsoft Visual Studio Solution File, Format Version 12.00
# Visual Studio 15
VisualStudioVersion = 15.0.28307.1738
MinimumVisualStudioVersion = 10.0.40219.1
Project("{FAE04EC0-301F-11D3-BF4B-00C04F79EFBC}") = "BlacklistedControl", "BlacklistedControl\BlacklistedControl.csproj", "{01DFF4E3-B58A-4009-9F5A-2E4C77B7EC86}"
EndProject
Global
	GlobalSection(SolutionConfigurationPlatforms) = preSolution
		Debug|x64 = Debug|x64
		Debug|x86 = Debug|x86
		Release|x64 = Release|x64
		Release|x86 = Release|x86
	EndGlobalSection
	GlobalSection(ProjectConfigurationPlatforms) = postSolution
		{01DFF4E3-B58A-4009-9F5A-2E4C77B7EC86}.Debug|x64.ActiveCfg = Debug|x64
		{01DFF4E3-B58A-4009-9F5A-2E4C77B7EC86}.Debug|x64.Build.0 = Debug|x64
		{01DFF4E3-B58A-4009-9F5A-2E4C77B7EC86}.Debug|x86.ActiveCfg = Debug|x86
		{01DFF4E3-B58A-4009-9F5A-2E4C77B7EC86}.Debug|x86.Build.0 = Debug|x86
		{01DFF4E3-B58A-4009-9F5A-2E4C77B7EC86}.Release|x64.ActiveCfg = Release|x64
		{01DFF4E3-B58A-4009-9F5A-2E4C77B7EC86}.Release|x64.Build.0 = Release|x64
		{01DFF4E3-B58A-4009-9F5A-2E4C77B7EC86}.Release|x86.ActiveCfg = Release|x86
		{01DFF4E3-B58A-4009-9F5A-2E4C77B7EC86}.Release|x86.Build.0 = Release|x86
	EndGlobalSection
	GlobalSection(SolutionProperties) = preSolution
		HideSolutionNode = FALSE
	EndGlobalSection
	GlobalSection(ExtensibilityGlobals) = postSolution
		SolutionGuid = {8583DA1A-E466-4D59-8702-03183AD0E6A8}
	EndGlobalSection
EndGlobal
